<?xml version="1.0" encoding="utf-8"?>
<Project ToolsVersion="4.0" xmlns="http://schemas.microsoft.com/developer/msbuild/2003">
  <ItemGroup>
    <Filter Include="소스 파일">
      <UniqueIdentifier>{4FC737F1-C7A5-4376-A066-2A32D752A2FF}</UniqueIdentifier>
      <Extensions>cpp;c;cc;cxx;def;odl;idl;hpj;bat;asm;asmx</Extensions>
    </Filter>
    <Filter Include="헤더 파일">
      <UniqueIdentifier>{93995380-89BD-4b04-88EB-625FBE52EBFB}</UniqueIdentifier>
      <Extensions>h;hh;hpp;hxx;hm;inl;inc;ipp;xsd</Extensions>
    </Filter>
    <Filter Include="리소스 파일">
      <UniqueIdentifier>{67DA6AB6-F800-4c08-8B7A-83BB121AAD01}</UniqueIdentifier>
      <Extensions>rc;ico;cur;bmp;dlg;rc2;rct;bin;rgs;gif;jpg;jpeg;jpe;resx;tiff;tif;png;wav;mfcribbon-ms</Extensions>
    </Filter>
    <Filter Include="2DGameFramework">
      <UniqueIdentifier>{e4a285e8-a647-45d2-a6dd-b5093a6ccc5f}</UniqueIdentifier>
    </Filter>
    <Filter Include="playGround">
      <UniqueIdentifier>{b33c314f-fe81-4e2f-a3bb-9d031230d0ae}</UniqueIdentifier>
    </Filter>
    <Filter Include="2DGameFramework\image">
      <UniqueIdentifier>{f37fe082-0ea4-4449-b128-6e9ff6f126bb}</UniqueIdentifier>
    </Filter>
    <Filter Include="2DGameFramework\Manager">
      <UniqueIdentifier>{f4105e0f-971a-41d2-84d3-ed9ac7403e83}</UniqueIdentifier>
    </Filter>
    <Filter Include="2DGameFramework\SingletonBase">
      <UniqueIdentifier>{cfeb6389-eec9-43e6-80cd-ce55993e202d}</UniqueIdentifier>
    </Filter>
    <Filter Include="2DGameFramework\timer">
      <UniqueIdentifier>{4d92d0ce-a4c2-4c28-b065-fb02d9ebc413}</UniqueIdentifier>
    </Filter>
    <Filter Include="2DGameFramework\Utils">
      <UniqueIdentifier>{3e8d23db-cfb6-41db-b882-d291f2be9189}</UniqueIdentifier>
    </Filter>
    <Filter Include="2DGameFramework\video">
      <UniqueIdentifier>{a2ab1329-6090-4746-bbe4-7dd484f8b71c}</UniqueIdentifier>
    </Filter>
    <Filter Include="playGround\Stage">
      <UniqueIdentifier>{0909ada5-5f78-40d8-a069-9aca090bd4ec}</UniqueIdentifier>
    </Filter>
    <Filter Include="playGround\Stage\base">
      <UniqueIdentifier>{4833ff6c-8b65-4590-9631-30d237f87701}</UniqueIdentifier>
    </Filter>
    <Filter Include="playGround\UI">
      <UniqueIdentifier>{f4775c06-247b-4cc5-9eeb-e85d0b391671}</UniqueIdentifier>
    </Filter>
    <Filter Include="playGround\UI\Menu">
      <UniqueIdentifier>{09e1bd97-94bf-47fc-995c-80d8a9d71d3c}</UniqueIdentifier>
    </Filter>
    <Filter Include="playGround\Deck">
      <UniqueIdentifier>{7fcb59e0-ff5f-4aeb-bb1c-0daff02fe779}</UniqueIdentifier>
    </Filter>
    <Filter Include="playGround\Deck\Card">
      <UniqueIdentifier>{b9e6b715-ddce-4e6a-b238-6d918a34bfa7}</UniqueIdentifier>
    </Filter>
    <Filter Include="playGround\Deck\Card\base">
      <UniqueIdentifier>{4fa493e2-8943-412b-ad6b-092bf8d76f98}</UniqueIdentifier>
    </Filter>
    <Filter Include="playGround\Deck\Card\Economy">
      <UniqueIdentifier>{5ea29ae8-2778-4367-916f-e136c50e3db6}</UniqueIdentifier>
    </Filter>
    <Filter Include="playGround\Deck\Card\Millitary">
      <UniqueIdentifier>{b5108037-c28e-4010-b504-25c0c01463b0}</UniqueIdentifier>
    </Filter>
    <Filter Include="playGround\Deck\Card\Build">
      <UniqueIdentifier>{051d331c-621a-4383-8c0d-cebc9ba5af1b}</UniqueIdentifier>
    </Filter>
    <Filter Include="playGround\Deck\Card\Technology">
      <UniqueIdentifier>{88052c3b-e3eb-42c5-91f9-aa6c3cb38e99}</UniqueIdentifier>
    </Filter>
    <Filter Include="playGround\Deck\Card\Economy\base">
      <UniqueIdentifier>{95db4e6b-a932-4988-8519-f9bae6522f04}</UniqueIdentifier>
    </Filter>
    <Filter Include="playGround\Deck\Card\Millitary\base">
      <UniqueIdentifier>{26bc06a6-f050-4a81-afdd-1a8e8e363e3e}</UniqueIdentifier>
    </Filter>
    <Filter Include="playGround\Deck\Card\Build\base">
      <UniqueIdentifier>{37077bd8-42a9-43ee-a8f3-93f4976d0caf}</UniqueIdentifier>
    </Filter>
    <Filter Include="playGround\Deck\Card\Technology\base">
      <UniqueIdentifier>{f8abf33e-6760-4823-a343-f111d17ba04f}</UniqueIdentifier>
    </Filter>
    <Filter Include="playGround\UI\Menu\base">
      <UniqueIdentifier>{324a69fe-518f-4ee2-a14a-e47f278b181f}</UniqueIdentifier>
    </Filter>
    <Filter Include="playGround\Object">
      <UniqueIdentifier>{47400504-ac2b-4803-9eb8-663064fa98ae}</UniqueIdentifier>
    </Filter>
    <Filter Include="playGround\Object\Player">
      <UniqueIdentifier>{494faf37-c15f-4279-9c35-6cd6f277ecd7}</UniqueIdentifier>
    </Filter>
    <Filter Include="playGround\Object\Enemy">
      <UniqueIdentifier>{a98966f8-9132-4dfc-860f-0cf9910b7f6d}</UniqueIdentifier>
    </Filter>
    <Filter Include="playGround\Object\NPC">
      <UniqueIdentifier>{fdd06dec-c10b-47dc-a366-991031a25956}</UniqueIdentifier>
    </Filter>
    <Filter Include="playGround\Object\Building">
      <UniqueIdentifier>{ce5d777b-4676-4d4f-90f5-28527aefc172}</UniqueIdentifier>
    </Filter>
    <Filter Include="playGround\Object\Building\base">
      <UniqueIdentifier>{9fece669-8390-4aaf-8094-9d701c3a31f8}</UniqueIdentifier>
    </Filter>
    <Filter Include="playGround\Component">
      <UniqueIdentifier>{81f2e3bb-edf1-4dae-a5e6-0f3f982b0202}</UniqueIdentifier>
    </Filter>
    <Filter Include="playGround\Component\ToolTip">
      <UniqueIdentifier>{2c61a333-67d1-4837-b0c3-c6e69762d3f7}</UniqueIdentifier>
    </Filter>
    <Filter Include="playGround\Component\ProgressBar">
      <UniqueIdentifier>{5556c6f0-31c3-480c-b5fb-9d6b8ab307fc}</UniqueIdentifier>
    </Filter>
    <Filter Include="playGround\Component\Icon">
      <UniqueIdentifier>{ac78b3a0-85e4-4294-bcf0-f47865511798}</UniqueIdentifier>
    </Filter>
    <Filter Include="playGround\Component\Icon\cost">
      <UniqueIdentifier>{d99fdbda-18a5-4118-aa4f-e40444391558}</UniqueIdentifier>
    </Filter>
    <Filter Include="playGround\Component\Icon\base">
      <UniqueIdentifier>{9f1c6881-0e5d-435d-9f6c-733380699a26}</UniqueIdentifier>
    </Filter>
    <Filter Include="playGround\Component\ToolTip\NameTag">
      <UniqueIdentifier>{d6d49fae-73f7-42a6-9d09-1f251c192b69}</UniqueIdentifier>
    </Filter>
    <Filter Include="playGround\Component\Attribtue">
      <UniqueIdentifier>{d4340d18-38af-475f-a349-e04d706ee73c}</UniqueIdentifier>
    </Filter>
    <Filter Include="playGround\Component\Attribtue\base">
      <UniqueIdentifier>{602fecec-4d6c-442f-8e8b-db459ffdfce4}</UniqueIdentifier>
    </Filter>
  </ItemGroup>
  <ItemGroup>
    <ClInclude Include="stdafx.h">
      <Filter>헤더 파일</Filter>
    </ClInclude>
    <ClInclude Include="targetver.h">
      <Filter>헤더 파일</Filter>
    </ClInclude>
    <ClInclude Include="Resource.h">
      <Filter>헤더 파일</Filter>
    </ClInclude>
    <ClInclude Include="macroFunc.h">
      <Filter>헤더 파일</Filter>
    </ClInclude>
    <ClInclude Include="randomFunction.h">
      <Filter>헤더 파일</Filter>
    </ClInclude>
    <ClInclude Include="gameNode.h">
      <Filter>2DGameFramework</Filter>
    </ClInclude>
    <ClInclude Include="dImage.h">
      <Filter>2DGameFramework\image</Filter>
    </ClInclude>
    <ClInclude Include="image.h">
      <Filter>2DGameFramework\image</Filter>
    </ClInclude>
    <ClInclude Include="cameraManager.h">
      <Filter>2DGameFramework\Manager</Filter>
    </ClInclude>
    <ClInclude Include="collisionManager.h">
      <Filter>2DGameFramework\Manager</Filter>
    </ClInclude>
    <ClInclude Include="dtdManager.h">
      <Filter>2DGameFramework\Manager</Filter>
    </ClInclude>
    <ClInclude Include="imageManager.h">
      <Filter>2DGameFramework\Manager</Filter>
    </ClInclude>
    <ClInclude Include="keyManager.h">
      <Filter>2DGameFramework\Manager</Filter>
    </ClInclude>
    <ClInclude Include="printManager.h">
      <Filter>2DGameFramework\Manager</Filter>
    </ClInclude>
    <ClInclude Include="soundManager.h">
      <Filter>2DGameFramework\Manager</Filter>
    </ClInclude>
    <ClInclude Include="streamManager.h">
      <Filter>2DGameFramework\Manager</Filter>
    </ClInclude>
    <ClInclude Include="timeManager.h">
      <Filter>2DGameFramework\Manager</Filter>
    </ClInclude>
    <ClInclude Include="txtData.h">
      <Filter>2DGameFramework\Manager</Filter>
    </ClInclude>
    <ClInclude Include="video.h">
      <Filter>2DGameFramework\video</Filter>
    </ClInclude>
    <ClInclude Include="utils.h">
      <Filter>2DGameFramework\Utils</Filter>
    </ClInclude>
    <ClInclude Include="timer.h">
      <Filter>2DGameFramework\timer</Filter>
    </ClInclude>
    <ClInclude Include="singletonBase.h">
      <Filter>2DGameFramework\SingletonBase</Filter>
    </ClInclude>
    <ClInclude Include="playGround.h">
      <Filter>playGround</Filter>
    </ClInclude>
    <ClInclude Include="dialogManager.h">
      <Filter>playGround\UI</Filter>
    </ClInclude>
    <ClInclude Include="uiManager.h">
      <Filter>playGround\UI</Filter>
    </ClInclude>
    <ClInclude Include="Scene.h">
      <Filter>playGround\Stage\base</Filter>
    </ClInclude>
    <ClInclude Include="SceneHeader.h">
      <Filter>playGround\Stage\base</Filter>
    </ClInclude>
    <ClInclude Include="testGameScene.h">
      <Filter>playGround\Stage</Filter>
    </ClInclude>
    <ClInclude Include="Player.h">
      <Filter>playGround\Object\Player</Filter>
    </ClInclude>
    <ClInclude Include="Card.h">
      <Filter>playGround\Deck\Card\base</Filter>
    </ClInclude>
    <ClInclude Include="Attribute.h">
      <Filter>playGround\Component\Attribtue\base</Filter>
    </ClInclude>
    <ClInclude Include="Card_Economy.h">
      <Filter>playGround\Deck\Card\Economy\base</Filter>
    </ClInclude>
    <ClInclude Include="CardDict.h">
      <Filter>playGround\Deck\Card</Filter>
    </ClInclude>
    <ClInclude Include="CardHeader.h">
      <Filter>playGround\Deck\Card\base</Filter>
    </ClInclude>
    <ClInclude Include="DeckManager.h">
      <Filter>playGround\Deck</Filter>
    </ClInclude>
    <ClInclude Include="MenuHeader.h">
      <Filter>playGround\UI\Menu\base</Filter>
    </ClInclude>
    <ClInclude Include="Menu.h">
      <Filter>playGround\UI\Menu\base</Filter>
    </ClInclude>
    <ClInclude Include="InGameMenu.h">
      <Filter>playGround\UI\Menu</Filter>
    </ClInclude>
    <ClInclude Include="GameManager.h">
      <Filter>playGround\Object</Filter>
    </ClInclude>
    <ClInclude Include="sceneManager.h">
      <Filter>playGround\Stage</Filter>
    </ClInclude>
    <ClInclude Include="Card32.h">
      <Filter>playGround\Deck\Card\Economy</Filter>
    </ClInclude>
    <ClInclude Include="Card31.h">
      <Filter>playGround\Deck\Card\Economy</Filter>
    </ClInclude>
    <ClInclude Include="Building.h">
      <Filter>playGround\Object\Building\base</Filter>
    </ClInclude>
    <ClInclude Include="Icon.h">
      <Filter>playGround\Component\Icon\base</Filter>
    </ClInclude>
    <ClInclude Include="Icon_Civil.h">
      <Filter>playGround\Component\Icon\cost</Filter>
    </ClInclude>
    <ClInclude Include="NameTag.h">
      <Filter>playGround\Component\ToolTip\NameTag</Filter>
    </ClInclude>
    <ClInclude Include="Card_Millitary.h">
      <Filter>playGround\Deck\Card\Millitary\base</Filter>
    </ClInclude>
    <ClInclude Include="Icon_Gold.h">
      <Filter>playGround\Component\Icon\cost</Filter>
    </ClInclude>
    <ClInclude Include="Icon_Space.h">
      <Filter>playGround\Component\Icon\cost</Filter>
    </ClInclude>
    <ClInclude Include="CardGraveMenu.h">
      <Filter>playGround\UI\Menu</Filter>
    </ClInclude>
    <ClInclude Include="CardBagMenu.h">
      <Filter>playGround\UI\Menu</Filter>
    </ClInclude>
  </ItemGroup>
  <ItemGroup>
    <ClCompile Include="stdafx.cpp">
      <Filter>소스 파일</Filter>
    </ClCompile>
    <ClCompile Include="winMain.cpp">
      <Filter>소스 파일</Filter>
    </ClCompile>
    <ClCompile Include="gameNode.cpp">
      <Filter>2DGameFramework</Filter>
    </ClCompile>
    <ClCompile Include="dImage.cpp">
      <Filter>2DGameFramework\image</Filter>
    </ClCompile>
    <ClCompile Include="image.cpp">
      <Filter>2DGameFramework\image</Filter>
    </ClCompile>
    <ClCompile Include="cameraManager.cpp">
      <Filter>2DGameFramework\Manager</Filter>
    </ClCompile>
    <ClCompile Include="collisionManager.cpp">
      <Filter>2DGameFramework\Manager</Filter>
    </ClCompile>
    <ClCompile Include="dtdManager.cpp">
      <Filter>2DGameFramework\Manager</Filter>
    </ClCompile>
    <ClCompile Include="imageManager.cpp">
      <Filter>2DGameFramework\Manager</Filter>
    </ClCompile>
    <ClCompile Include="keyManager.cpp">
      <Filter>2DGameFramework\Manager</Filter>
    </ClCompile>
    <ClCompile Include="printManager.cpp">
      <Filter>2DGameFramework\Manager</Filter>
    </ClCompile>
    <ClCompile Include="soundManager.cpp">
      <Filter>2DGameFramework\Manager</Filter>
    </ClCompile>
    <ClCompile Include="streamManager.cpp">
      <Filter>2DGameFramework\Manager</Filter>
    </ClCompile>
    <ClCompile Include="timeManager.cpp">
      <Filter>2DGameFramework\Manager</Filter>
    </ClCompile>
    <ClCompile Include="txtData.cpp">
      <Filter>2DGameFramework\Manager</Filter>
    </ClCompile>
    <ClCompile Include="video.cpp">
      <Filter>2DGameFramework\video</Filter>
    </ClCompile>
    <ClCompile Include="utils.cpp">
      <Filter>2DGameFramework\Utils</Filter>
    </ClCompile>
    <ClCompile Include="timer.cpp">
      <Filter>2DGameFramework\timer</Filter>
    </ClCompile>
    <ClCompile Include="playGround.cpp">
      <Filter>playGround</Filter>
    </ClCompile>
    <ClCompile Include="dialogManager.cpp">
      <Filter>playGround\UI</Filter>
    </ClCompile>
    <ClCompile Include="uiManager.cpp">
      <Filter>playGround\UI</Filter>
    </ClCompile>
    <ClCompile Include="Scene.cpp">
      <Filter>playGround\Stage\base</Filter>
    </ClCompile>
    <ClCompile Include="testGameScene.cpp">
      <Filter>playGround\Stage</Filter>
    </ClCompile>
    <ClCompile Include="Player.cpp">
      <Filter>playGround\Object\Player</Filter>
    </ClCompile>
    <ClCompile Include="Card.cpp">
      <Filter>playGround\Deck\Card\base</Filter>
    </ClCompile>
    <ClCompile Include="DeckManager.cpp">
      <Filter>playGround\Deck</Filter>
    </ClCompile>
    <ClCompile Include="Attribute.cpp">
      <Filter>playGround\Component\Attribtue\base</Filter>
    </ClCompile>
    <ClCompile Include="Card_Economy.cpp">
      <Filter>playGround\Deck\Card\Economy\base</Filter>
    </ClCompile>
    <ClCompile Include="CardDict.cpp">
      <Filter>playGround\Deck\Card</Filter>
    </ClCompile>
    <ClCompile Include="Menu.cpp">
      <Filter>playGround\UI\Menu\base</Filter>
    </ClCompile>
    <ClCompile Include="InGameMenu.cpp">
      <Filter>playGround\UI\Menu</Filter>
    </ClCompile>
    <ClCompile Include="GameManager.cpp">
      <Filter>playGround\Object</Filter>
    </ClCompile>
    <ClCompile Include="sceneManager.cpp">
      <Filter>playGround\Stage</Filter>
    </ClCompile>
    <ClCompile Include="Card32.cpp">
      <Filter>playGround\Deck\Card\Economy</Filter>
    </ClCompile>
    <ClCompile Include="Card31.cpp">
      <Filter>playGround\Deck\Card\Economy</Filter>
    </ClCompile>
    <ClCompile Include="Building.cpp">
      <Filter>playGround\Object\Building\base</Filter>
    </ClCompile>
    <ClCompile Include="Icon.cpp">
      <Filter>playGround\Component\Icon\base</Filter>
    </ClCompile>
    <ClCompile Include="Icon_Civil.cpp">
      <Filter>playGround\Component\Icon\cost</Filter>
    </ClCompile>
    <ClCompile Include="NameTag.cpp">
      <Filter>playGround\Component\ToolTip\NameTag</Filter>
    </ClCompile>
    <ClCompile Include="Card_Millitary.cpp">
      <Filter>playGround\Deck\Card\Millitary\base</Filter>
    </ClCompile>
    <ClCompile Include="Icon_Gold.cpp">
      <Filter>playGround\Component\Icon\cost</Filter>
    </ClCompile>
    <ClCompile Include="Icon_Space.cpp">
      <Filter>playGround\Component\Icon\cost</Filter>
    </ClCompile>
    <ClCompile Include="CardGraveMenu.cpp">
      <Filter>playGround\UI\Menu</Filter>
    </ClCompile>
    <ClCompile Include="CardBagMenu.cpp">
      <Filter>playGround\UI\Menu</Filter>
    </ClCompile>
  </ItemGroup>
  <ItemGroup>
    <ResourceCompile Include="windowAPI.rc">
      <Filter>리소스 파일</Filter>
    </ResourceCompile>
  </ItemGroup>
  <ItemGroup>
    <Image Include="small.ico">
      <Filter>리소스 파일</Filter>
    </Image>
    <Image Include="windowAPI.ico">
      <Filter>리소스 파일</Filter>
    </Image>
  </ItemGroup>
</Project>